Microsoft Visual Studio Solution File, Format Version 12.00
# Visual Studio Version 17
VisualStudioVersion = 17.0.31611.283
MinimumVisualStudioVersion = 10.0.40219.1
Project("{9A19103F-16F7-4668-BE54-9A1E7A4F7556}") = "Tareaje", "Tareaje\Tareaje.csproj", "{B90EE903-106F-4689-A0FC-8B1B0E36D8B7}"
EndProject
Project("{FAE04EC0-301F-11D3-BF4B-00C04F79EFBC}") = "Tareaje.Api", "Tareaje.Api\Tareaje.Api.csproj", "{F94C4AFB-F637-4A42-8849-C8C394722339}"
EndProject
Project("{FAE04EC0-301F-11D3-BF4B-00C04F79EFBC}") = "Models", "Models\Models.csproj", "{F605136F-A7B7-49A4-B4E7-BBF8F3FEDE53}"
EndProject
Project("{FAE04EC0-301F-11D3-BF4B-00C04F79EFBC}") = "Data", "Data\Data.csproj", "{0B393F50-837C-4C6F-9D0A-3733CCF9FBB2}"
EndProject
Global
	GlobalSection(SolutionConfigurationPlatforms) = preSolution
		Debug|Any CPU = Debug|Any CPU
		Release|Any CPU = Release|Any CPU
	EndGlobalSection
	GlobalSection(ProjectConfigurationPlatforms) = postSolution
		{B90EE903-106F-4689-A0FC-8B1B0E36D8B7}.Debug|Any CPU.ActiveCfg = Debug|Any CPU
		{B90EE903-106F-4689-A0FC-8B1B0E36D8B7}.Debug|Any CPU.Build.0 = Debug|Any CPU
		{B90EE903-106F-4689-A0FC-8B1B0E36D8B7}.Debug|Any CPU.Deploy.0 = Debug|Any CPU
		{B90EE903-106F-4689-A0FC-8B1B0E36D8B7}.Release|Any CPU.ActiveCfg = Release|Any CPU
		{B90EE903-106F-4689-A0FC-8B1B0E36D8B7}.Release|Any CPU.Build.0 = Release|Any CPU
		{B90EE903-106F-4689-A0FC-8B1B0E36D8B7}.Release|Any CPU.Deploy.0 = Release|Any CPU
		{F94C4AFB-F637-4A42-8849-C8C394722339}.Debug|Any CPU.ActiveCfg = Debug|Any CPU
		{F94C4AFB-F637-4A42-8849-C8C394722339}.Debug|Any CPU.Build.0 = Debug|Any CPU
		{F94C4AFB-F637-4A42-8849-C8C394722339}.Release|Any CPU.ActiveCfg = Release|Any CPU
		{F94C4AFB-F637-4A42-8849-C8C394722339}.Release|Any CPU.Build.0 = Release|Any CPU
		{F605136F-A7B7-49A4-B4E7-BBF8F3FEDE53}.Debug|Any CPU.ActiveCfg = Debug|Any CPU
		{F605136F-A7B7-49A4-B4E7-BBF8F3FEDE53}.Debug|Any CPU.Build.0 = Debug|Any CPU
		{F605136F-A7B7-49A4-B4E7-BBF8F3FEDE53}.Release|Any CPU.ActiveCfg = Release|Any CPU
		{F605136F-A7B7-49A4-B4E7-BBF8F3FEDE53}.Release|Any CPU.Build.0 = Release|Any CPU
		{0B393F50-837C-4C6F-9D0A-3733CCF9FBB2}.Debug|Any CPU.ActiveCfg = Debug|Any CPU
		{0B393F50-837C-4C6F-9D0A-3733CCF9FBB2}.Debug|Any CPU.Build.0 = Debug|Any CPU
		{0B393F50-837C-4C6F-9D0A-3733CCF9FBB2}.Release|Any CPU.ActiveCfg = Release|Any CPU
		{0B393F50-837C-4C6F-9D0A-3733CCF9FBB2}.Release|Any CPU.Build.0 = Release|Any CPU
	EndGlobalSection
	GlobalSection(SolutionProperties) = preSolution
		HideSolutionNode = FALSE
	EndGlobalSection
	GlobalSection(ExtensibilityGlobals) = postSolution
		SolutionGuid = {61F7FB11-1E47-470C-91E2-47F8143E1572}
	EndGlobalSection
EndGlobal
